dependencies:
- name: marble-postgres
  repository: file://./marble-postgres
  version: 0.1.0
- name: marble-api
  repository: file://./marble-backend
  version: 0.1.0
- name: marble-cron
  repository: file://./marble-cron
  version: 0.1.0
- name: marble-front
  repository: file://./marble-front
  version: 0.1.0
digest: sha256:dea24969fb50fd6c41cd0b71be6f31efdfcdd549ec445e5b56474e7b892e9740
generated: "2024-10-16T16:39:23.455913+02:00"
